
Microsoft Visual Studio Solution File, Format Version 12.00
# Visual Studio 14
VisualStudioVersion = 14.0.23107.0
MinimumVisualStudioVersion = 10.0.40219.1
Project("{FAE04EC0-301F-11D3-BF4B-00C04F79EFBC}") = "YearAgeList", "YearAgeList\YearAgeList.csproj", "{3010EED6-0CF6-467F-8A74-B1DBE8818480}"
EndProject
Project("{FAE04EC0-301F-11D3-BF4B-00C04F79EFBC}") = "YearAgeList.Tests", "YearAgeList.Tests\YearAgeList.Tests.csproj", "{0DA8527E-5100-4A15-8ED6-DC2B0200BAC1}"
EndProject
Project("{2150E333-8FDC-42A3-9474-1A3956D46DE8}") = "PublishScripts", "PublishScripts", "{6DF2F735-C5AB-4159-AA29-E1E7BDA42A54}"
	ProjectSection(SolutionItems) = preProject
		PublishScripts\AzureVMPublishModule.psm1 = PublishScripts\AzureVMPublishModule.psm1
		PublishScripts\Publish-WebApplicationVM.ps1 = PublishScripts\Publish-WebApplicationVM.ps1
	EndProjectSection
EndProject
Project("{2150E333-8FDC-42A3-9474-1A3956D46DE8}") = "Configurations", "Configurations", "{F1B0D535-5C16-4E0F-9CD3-531F309C4C67}"
	ProjectSection(SolutionItems) = preProject
		PublishScripts\Configurations\YearAgeList-WAWS-dev.json = PublishScripts\Configurations\YearAgeList-WAWS-dev.json
	EndProjectSection
EndProject
Global
	GlobalSection(SolutionConfigurationPlatforms) = preSolution
		Debug|Any CPU = Debug|Any CPU
		Release|Any CPU = Release|Any CPU
	EndGlobalSection
	GlobalSection(ProjectConfigurationPlatforms) = postSolution
		{3010EED6-0CF6-467F-8A74-B1DBE8818480}.Debug|Any CPU.ActiveCfg = Debug|Any CPU
		{3010EED6-0CF6-467F-8A74-B1DBE8818480}.Debug|Any CPU.Build.0 = Debug|Any CPU
		{3010EED6-0CF6-467F-8A74-B1DBE8818480}.Release|Any CPU.ActiveCfg = Release|Any CPU
		{3010EED6-0CF6-467F-8A74-B1DBE8818480}.Release|Any CPU.Build.0 = Release|Any CPU
		{0DA8527E-5100-4A15-8ED6-DC2B0200BAC1}.Debug|Any CPU.ActiveCfg = Debug|Any CPU
		{0DA8527E-5100-4A15-8ED6-DC2B0200BAC1}.Debug|Any CPU.Build.0 = Debug|Any CPU
		{0DA8527E-5100-4A15-8ED6-DC2B0200BAC1}.Release|Any CPU.ActiveCfg = Release|Any CPU
		{0DA8527E-5100-4A15-8ED6-DC2B0200BAC1}.Release|Any CPU.Build.0 = Release|Any CPU
	EndGlobalSection
	GlobalSection(SolutionProperties) = preSolution
		HideSolutionNode = FALSE
	EndGlobalSection
	GlobalSection(NestedProjects) = preSolution
		{F1B0D535-5C16-4E0F-9CD3-531F309C4C67} = {6DF2F735-C5AB-4159-AA29-E1E7BDA42A54}
	EndGlobalSection
EndGlobal
